
Microsoft Visual Studio Solution File, Format Version 12.00
# Visual Studio Version 17
VisualStudioVersion = 17.8.34408.163
MinimumVisualStudioVersion = 10.0.40219.1
Project("{9A19103F-16F7-4668-BE54-9A1E7A4F7556}") = "DesignBoticTask", "DesignBoticTask\DesignBoticTask.csproj", "{D6411F90-D6F4-47B8-BFD2-DC5408C6FC89}"
EndProject
Project("{9A19103F-16F7-4668-BE54-9A1E7A4F7556}") = "DesignBoticUI", "DesignBoticUI\DesignBoticUI.csproj", "{078A3939-7789-485F-8986-94C42EAC2224}"
EndProject
Project("{FAE04EC0-301F-11D3-BF4B-00C04F79EFBC}") = "DesignBoticTaskTests", "DesignBoticTaskTests\DesignBoticTaskTests.csproj", "{C3F44C10-3BF0-425B-AD0B-6557E509D08A}"
EndProject
Global
	GlobalSection(SolutionConfigurationPlatforms) = preSolution
		Debug|Any CPU = Debug|Any CPU
		Release|Any CPU = Release|Any CPU
	EndGlobalSection
	GlobalSection(ProjectConfigurationPlatforms) = postSolution
		{D6411F90-D6F4-47B8-BFD2-DC5408C6FC89}.Debug|Any CPU.ActiveCfg = Debug|Any CPU
		{D6411F90-D6F4-47B8-BFD2-DC5408C6FC89}.Debug|Any CPU.Build.0 = Debug|Any CPU
		{D6411F90-D6F4-47B8-BFD2-DC5408C6FC89}.Release|Any CPU.ActiveCfg = Release|Any CPU
		{D6411F90-D6F4-47B8-BFD2-DC5408C6FC89}.Release|Any CPU.Build.0 = Release|Any CPU
		{078A3939-7789-485F-8986-94C42EAC2224}.Debug|Any CPU.ActiveCfg = Debug|Any CPU
		{078A3939-7789-485F-8986-94C42EAC2224}.Debug|Any CPU.Build.0 = Debug|Any CPU
		{078A3939-7789-485F-8986-94C42EAC2224}.Release|Any CPU.ActiveCfg = Release|Any CPU
		{078A3939-7789-485F-8986-94C42EAC2224}.Release|Any CPU.Build.0 = Release|Any CPU
		{C3F44C10-3BF0-425B-AD0B-6557E509D08A}.Debug|Any CPU.ActiveCfg = Debug|Any CPU
		{C3F44C10-3BF0-425B-AD0B-6557E509D08A}.Debug|Any CPU.Build.0 = Debug|Any CPU
		{C3F44C10-3BF0-425B-AD0B-6557E509D08A}.Release|Any CPU.ActiveCfg = Release|Any CPU
		{C3F44C10-3BF0-425B-AD0B-6557E509D08A}.Release|Any CPU.Build.0 = Release|Any CPU
	EndGlobalSection
	GlobalSection(SolutionProperties) = preSolution
		HideSolutionNode = FALSE
	EndGlobalSection
	GlobalSection(ExtensibilityGlobals) = postSolution
		SolutionGuid = {0FBA8AEE-D4E3-4F29-A876-BD12A1CA172D}
	EndGlobalSection
EndGlobal
